
Microsoft Visual Studio Solution File, Format Version 12.00
# Visual Studio 15
VisualStudioVersion = 15.0.26124.0
MinimumVisualStudioVersion = 15.0.26124.0
Project("{9A19103F-16F7-4668-BE54-9A1E7A4F7556}") = "MyMessenger.Server.Tests", "MyMessenger.Server.Tests\MyMessenger.Server.Tests.csproj", "{1770D965-740F-404D-B239-7933906A1E30}"
EndProject
Project("{9A19103F-16F7-4668-BE54-9A1E7A4F7556}") = "MyMessenger.Server.Console", "MyMessenger.Server.Console\MyMessenger.Server.Console.csproj", "{18A41C51-D336-488B-827D-5E2C2AFB1F4B}"
EndProject
Project("{9A19103F-16F7-4668-BE54-9A1E7A4F7556}") = "MyMessenger.Server", "MyMessenger.Server\MyMessenger.Server.csproj", "{DB847358-2EB8-4548-991E-77643F790143}"
EndProject
Project("{9A19103F-16F7-4668-BE54-9A1E7A4F7556}") = "MyMessenger.Core", "MyMessenger.Core\MyMessenger.Core.csproj", "{ED9CA92D-DC95-4428-835C-1C47876034C4}"
EndProject
Project("{9A19103F-16F7-4668-BE54-9A1E7A4F7556}") = "MyMessenger.Client.Console", "MyMessenger.Client.Console\MyMessenger.Client.Console.csproj", "{03CD07FF-146D-4974-89D5-C01E105162E0}"
EndProject
Project("{9A19103F-16F7-4668-BE54-9A1E7A4F7556}") = "MyMessenger.Client", "MyMessenger.Client\MyMessenger.Client.csproj", "{870AF8B3-509B-43B9-A425-663383CB3EFC}"
EndProject
Project("{FAE04EC0-301F-11D3-BF4B-00C04F79EFBC}") = "MyMessenger.Client.XamarinForms.Android", "MyMessenger.Client.XamarinForms\MyMessenger.Client.XamarinForms.Android\MyMessenger.Client.XamarinForms.Android.csproj", "{45BF90D2-AC98-4DFC-BD91-1E84C5F5EFBF}"
EndProject
Project("{FAE04EC0-301F-11D3-BF4B-00C04F79EFBC}") = "MyMessenger.Client.XamarinForms.iOS", "MyMessenger.Client.XamarinForms\MyMessenger.Client.XamarinForms.iOS\MyMessenger.Client.XamarinForms.iOS.csproj", "{91BD7BDD-AACA-4352-AF5E-03D81C1B9B21}"
EndProject
Project("{FAE04EC0-301F-11D3-BF4B-00C04F79EFBC}") = "MyMessenger.Client.XamarinForms.UWP", "MyMessenger.Client.XamarinForms\MyMessenger.Client.XamarinForms.UWP\MyMessenger.Client.XamarinForms.UWP.csproj", "{C6B9A654-1560-44CA-BD71-547E983F0F84}"
EndProject
Project("{FAE04EC0-301F-11D3-BF4B-00C04F79EFBC}") = "MyMessenger.Client.XamarinForms", "MyMessenger.Client.XamarinForms\MyMessenger.Client.XamarinForms\MyMessenger.Client.XamarinForms.csproj", "{1A31EE18-0229-4E9B-BE46-43C304F9376E}"
EndProject
Project("{FAE04EC0-301F-11D3-BF4B-00C04F79EFBC}") = "MyMessenger.Client.XamarinForms.GTK", "MyMessenger.Client.XamarinForms\MyMessenger.Client.XamarinForms.GTK\MyMessenger.Client.XamarinForms.GTK.csproj", "{0E11D3AF-E82F-490E-ACFD-F02690A59A44}"
EndProject
Project("{FAE04EC0-301F-11D3-BF4B-00C04F79EFBC}") = "MyMessenger.Client.XamarinForms.WPF", "MyMessenger.Client.XamarinForms\MyMessenger.Client.XamarinForms.WPF\MyMessenger.Client.XamarinForms.WPF.csproj", "{78299BFC-A530-40D7-BC8E-3B11D64089BC}"
EndProject
Project("{FAE04EC0-301F-11D3-BF4B-00C04F79EFBC}") = "MyMessenger.Client.TerminalGui", "MyMessenger.Client.TerminalGui\MyMessenger.Client.TerminalGui.csproj", "{50C0BE01-D5A9-4CAB-9D10-083E6CAD52A6}"
EndProject
Global
	GlobalSection(SolutionConfigurationPlatforms) = preSolution
		Debug|Any CPU = Debug|Any CPU
		Debug|ARM = Debug|ARM
		Debug|iPhone = Debug|iPhone
		Debug|iPhoneSimulator = Debug|iPhoneSimulator
		Debug|x64 = Debug|x64
		Debug|x86 = Debug|x86
		Release|Any CPU = Release|Any CPU
		Release|ARM = Release|ARM
		Release|iPhone = Release|iPhone
		Release|iPhoneSimulator = Release|iPhoneSimulator
		Release|x64 = Release|x64
		Release|x86 = Release|x86
	EndGlobalSection
	GlobalSection(ProjectConfigurationPlatforms) = postSolution
		{1770D965-740F-404D-B239-7933906A1E30}.Debug|Any CPU.ActiveCfg = Debug|Any CPU
		{1770D965-740F-404D-B239-7933906A1E30}.Debug|Any CPU.Build.0 = Debug|Any CPU
		{1770D965-740F-404D-B239-7933906A1E30}.Debug|ARM.ActiveCfg = Debug|Any CPU
		{1770D965-740F-404D-B239-7933906A1E30}.Debug|ARM.Build.0 = Debug|Any CPU
		{1770D965-740F-404D-B239-7933906A1E30}.Debug|iPhone.ActiveCfg = Debug|Any CPU
		{1770D965-740F-404D-B239-7933906A1E30}.Debug|iPhone.Build.0 = Debug|Any CPU
		{1770D965-740F-404D-B239-7933906A1E30}.Debug|iPhoneSimulator.ActiveCfg = Debug|Any CPU
		{1770D965-740F-404D-B239-7933906A1E30}.Debug|iPhoneSimulator.Build.0 = Debug|Any CPU
		{1770D965-740F-404D-B239-7933906A1E30}.Debug|x64.ActiveCfg = Debug|Any CPU
		{1770D965-740F-404D-B239-7933906A1E30}.Debug|x64.Build.0 = Debug|Any CPU
		{1770D965-740F-404D-B239-7933906A1E30}.Debug|x86.ActiveCfg = Debug|Any CPU
		{1770D965-740F-404D-B239-7933906A1E30}.Debug|x86.Build.0 = Debug|Any CPU
		{1770D965-740F-404D-B239-7933906A1E30}.Release|Any CPU.ActiveCfg = Release|Any CPU
		{1770D965-740F-404D-B239-7933906A1E30}.Release|Any CPU.Build.0 = Release|Any CPU
		{1770D965-740F-404D-B239-7933906A1E30}.Release|ARM.ActiveCfg = Release|Any CPU
		{1770D965-740F-404D-B239-7933906A1E30}.Release|ARM.Build.0 = Release|Any CPU
		{1770D965-740F-404D-B239-7933906A1E30}.Release|iPhone.ActiveCfg = Release|Any CPU
		{1770D965-740F-404D-B239-7933906A1E30}.Release|iPhone.Build.0 = Release|Any CPU
		{1770D965-740F-404D-B239-7933906A1E30}.Release|iPhoneSimulator.ActiveCfg = Release|Any CPU
		{1770D965-740F-404D-B239-7933906A1E30}.Release|iPhoneSimulator.Build.0 = Release|Any CPU
		{1770D965-740F-404D-B239-7933906A1E30}.Release|x64.ActiveCfg = Release|Any CPU
		{1770D965-740F-404D-B239-7933906A1E30}.Release|x64.Build.0 = Release|Any CPU
		{1770D965-740F-404D-B239-7933906A1E30}.Release|x86.ActiveCfg = Release|Any CPU
		{1770D965-740F-404D-B239-7933906A1E30}.Release|x86.Build.0 = Release|Any CPU
		{18A41C51-D336-488B-827D-5E2C2AFB1F4B}.Debug|Any CPU.ActiveCfg = Debug|Any CPU
		{18A41C51-D336-488B-827D-5E2C2AFB1F4B}.Debug|Any CPU.Build.0 = Debug|Any CPU
		{18A41C51-D336-488B-827D-5E2C2AFB1F4B}.Debug|ARM.ActiveCfg = Debug|Any CPU
		{18A41C51-D336-488B-827D-5E2C2AFB1F4B}.Debug|ARM.Build.0 = Debug|Any CPU
		{18A41C51-D336-488B-827D-5E2C2AFB1F4B}.Debug|iPhone.ActiveCfg = Debug|Any CPU
		{18A41C51-D336-488B-827D-5E2C2AFB1F4B}.Debug|iPhone.Build.0 = Debug|Any CPU
		{18A41C51-D336-488B-827D-5E2C2AFB1F4B}.Debug|iPhoneSimulator.ActiveCfg = Debug|Any CPU
		{18A41C51-D336-488B-827D-5E2C2AFB1F4B}.Debug|iPhoneSimulator.Build.0 = Debug|Any CPU
		{18A41C51-D336-488B-827D-5E2C2AFB1F4B}.Debug|x64.ActiveCfg = Debug|Any CPU
		{18A41C51-D336-488B-827D-5E2C2AFB1F4B}.Debug|x64.Build.0 = Debug|Any CPU
		{18A41C51-D336-488B-827D-5E2C2AFB1F4B}.Debug|x86.ActiveCfg = Debug|Any CPU
		{18A41C51-D336-488B-827D-5E2C2AFB1F4B}.Debug|x86.Build.0 = Debug|Any CPU
		{18A41C51-D336-488B-827D-5E2C2AFB1F4B}.Release|Any CPU.ActiveCfg = Release|Any CPU
		{18A41C51-D336-488B-827D-5E2C2AFB1F4B}.Release|Any CPU.Build.0 = Release|Any CPU
		{18A41C51-D336-488B-827D-5E2C2AFB1F4B}.Release|ARM.ActiveCfg = Release|Any CPU
		{18A41C51-D336-488B-827D-5E2C2AFB1F4B}.Release|ARM.Build.0 = Release|Any CPU
		{18A41C51-D336-488B-827D-5E2C2AFB1F4B}.Release|iPhone.ActiveCfg = Release|Any CPU
		{18A41C51-D336-488B-827D-5E2C2AFB1F4B}.Release|iPhone.Build.0 = Release|Any CPU
		{18A41C51-D336-488B-827D-5E2C2AFB1F4B}.Release|iPhoneSimulator.ActiveCfg = Release|Any CPU
		{18A41C51-D336-488B-827D-5E2C2AFB1F4B}.Release|iPhoneSimulator.Build.0 = Release|Any CPU
		{18A41C51-D336-488B-827D-5E2C2AFB1F4B}.Release|x64.ActiveCfg = Release|Any CPU
		{18A41C51-D336-488B-827D-5E2C2AFB1F4B}.Release|x64.Build.0 = Release|Any CPU
		{18A41C51-D336-488B-827D-5E2C2AFB1F4B}.Release|x86.ActiveCfg = Release|Any CPU
		{18A41C51-D336-488B-827D-5E2C2AFB1F4B}.Release|x86.Build.0 = Release|Any CPU
		{DB847358-2EB8-4548-991E-77643F790143}.Debug|Any CPU.ActiveCfg = Debug|Any CPU
		{DB847358-2EB8-4548-991E-77643F790143}.Debug|Any CPU.Build.0 = Debug|Any CPU
		{DB847358-2EB8-4548-991E-77643F790143}.Debug|ARM.ActiveCfg = Debug|Any CPU
		{DB847358-2EB8-4548-991E-77643F790143}.Debug|ARM.Build.0 = Debug|Any CPU
		{DB847358-2EB8-4548-991E-77643F790143}.Debug|iPhone.ActiveCfg = Debug|Any CPU
		{DB847358-2EB8-4548-991E-77643F790143}.Debug|iPhone.Build.0 = Debug|Any CPU
		{DB847358-2EB8-4548-991E-77643F790143}.Debug|iPhoneSimulator.ActiveCfg = Debug|Any CPU
		{DB847358-2EB8-4548-991E-77643F790143}.Debug|iPhoneSimulator.Build.0 = Debug|Any CPU
		{DB847358-2EB8-4548-991E-77643F790143}.Debug|x64.ActiveCfg = Debug|Any CPU
		{DB847358-2EB8-4548-991E-77643F790143}.Debug|x64.Build.0 = Debug|Any CPU
		{DB847358-2EB8-4548-991E-77643F790143}.Debug|x86.ActiveCfg = Debug|Any CPU
		{DB847358-2EB8-4548-991E-77643F790143}.Debug|x86.Build.0 = Debug|Any CPU
		{DB847358-2EB8-4548-991E-77643F790143}.Release|Any CPU.ActiveCfg = Release|Any CPU
		{DB847358-2EB8-4548-991E-77643F790143}.Release|Any CPU.Build.0 = Release|Any CPU
		{DB847358-2EB8-4548-991E-77643F790143}.Release|ARM.ActiveCfg = Release|Any CPU
		{DB847358-2EB8-4548-991E-77643F790143}.Release|ARM.Build.0 = Release|Any CPU
		{DB847358-2EB8-4548-991E-77643F790143}.Release|iPhone.ActiveCfg = Release|Any CPU
		{DB847358-2EB8-4548-991E-77643F790143}.Release|iPhone.Build.0 = Release|Any CPU
		{DB847358-2EB8-4548-991E-77643F790143}.Release|iPhoneSimulator.ActiveCfg = Release|Any CPU
		{DB847358-2EB8-4548-991E-77643F790143}.Release|iPhoneSimulator.Build.0 = Release|Any CPU
		{DB847358-2EB8-4548-991E-77643F790143}.Release|x64.ActiveCfg = Release|Any CPU
		{DB847358-2EB8-4548-991E-77643F790143}.Release|x64.Build.0 = Release|Any CPU
		{DB847358-2EB8-4548-991E-77643F790143}.Release|x86.ActiveCfg = Release|Any CPU
		{DB847358-2EB8-4548-991E-77643F790143}.Release|x86.Build.0 = Release|Any CPU
		{ED9CA92D-DC95-4428-835C-1C47876034C4}.Debug|Any CPU.ActiveCfg = Debug|Any CPU
		{ED9CA92D-DC95-4428-835C-1C47876034C4}.Debug|Any CPU.Build.0 = Debug|Any CPU
		{ED9CA92D-DC95-4428-835C-1C47876034C4}.Debug|ARM.ActiveCfg = Debug|Any CPU
		{ED9CA92D-DC95-4428-835C-1C47876034C4}.Debug|ARM.Build.0 = Debug|Any CPU
		{ED9CA92D-DC95-4428-835C-1C47876034C4}.Debug|iPhone.ActiveCfg = Debug|Any CPU
		{ED9CA92D-DC95-4428-835C-1C47876034C4}.Debug|iPhone.Build.0 = Debug|Any CPU
		{ED9CA92D-DC95-4428-835C-1C47876034C4}.Debug|iPhoneSimulator.ActiveCfg = Debug|Any CPU
		{ED9CA92D-DC95-4428-835C-1C47876034C4}.Debug|iPhoneSimulator.Build.0 = Debug|Any CPU
		{ED9CA92D-DC95-4428-835C-1C47876034C4}.Debug|x64.ActiveCfg = Debug|Any CPU
		{ED9CA92D-DC95-4428-835C-1C47876034C4}.Debug|x64.Build.0 = Debug|Any CPU
		{ED9CA92D-DC95-4428-835C-1C47876034C4}.Debug|x86.ActiveCfg = Debug|Any CPU
		{ED9CA92D-DC95-4428-835C-1C47876034C4}.Debug|x86.Build.0 = Debug|Any CPU
		{ED9CA92D-DC95-4428-835C-1C47876034C4}.Release|Any CPU.ActiveCfg = Release|Any CPU
		{ED9CA92D-DC95-4428-835C-1C47876034C4}.Release|Any CPU.Build.0 = Release|Any CPU
		{ED9CA92D-DC95-4428-835C-1C47876034C4}.Release|ARM.ActiveCfg = Release|Any CPU
		{ED9CA92D-DC95-4428-835C-1C47876034C4}.Release|ARM.Build.0 = Release|Any CPU
		{ED9CA92D-DC95-4428-835C-1C47876034C4}.Release|iPhone.ActiveCfg = Release|Any CPU
		{ED9CA92D-DC95-4428-835C-1C47876034C4}.Release|iPhone.Build.0 = Release|Any CPU
		{ED9CA92D-DC95-4428-835C-1C47876034C4}.Release|iPhoneSimulator.ActiveCfg = Release|Any CPU
		{ED9CA92D-DC95-4428-835C-1C47876034C4}.Release|iPhoneSimulator.Build.0 = Release|Any CPU
		{ED9CA92D-DC95-4428-835C-1C47876034C4}.Release|x64.ActiveCfg = Release|Any CPU
		{ED9CA92D-DC95-4428-835C-1C47876034C4}.Release|x64.Build.0 = Release|Any CPU
		{ED9CA92D-DC95-4428-835C-1C47876034C4}.Release|x86.ActiveCfg = Release|Any CPU
		{ED9CA92D-DC95-4428-835C-1C47876034C4}.Release|x86.Build.0 = Release|Any CPU
		{03CD07FF-146D-4974-89D5-C01E105162E0}.Debug|Any CPU.ActiveCfg = Debug|Any CPU
		{03CD07FF-146D-4974-89D5-C01E105162E0}.Debug|Any CPU.Build.0 = Debug|Any CPU
		{03CD07FF-146D-4974-89D5-C01E105162E0}.Debug|ARM.ActiveCfg = Debug|Any CPU
		{03CD07FF-146D-4974-89D5-C01E105162E0}.Debug|ARM.Build.0 = Debug|Any CPU
		{03CD07FF-146D-4974-89D5-C01E105162E0}.Debug|iPhone.ActiveCfg = Debug|Any CPU
		{03CD07FF-146D-4974-89D5-C01E105162E0}.Debug|iPhone.Build.0 = Debug|Any CPU
		{03CD07FF-146D-4974-89D5-C01E105162E0}.Debug|iPhoneSimulator.ActiveCfg = Debug|Any CPU
		{03CD07FF-146D-4974-89D5-C01E105162E0}.Debug|iPhoneSimulator.Build.0 = Debug|Any CPU
		{03CD07FF-146D-4974-89D5-C01E105162E0}.Debug|x64.ActiveCfg = Debug|Any CPU
		{03CD07FF-146D-4974-89D5-C01E105162E0}.Debug|x64.Build.0 = Debug|Any CPU
		{03CD07FF-146D-4974-89D5-C01E105162E0}.Debug|x86.ActiveCfg = Debug|Any CPU
		{03CD07FF-146D-4974-89D5-C01E105162E0}.Debug|x86.Build.0 = Debug|Any CPU
		{03CD07FF-146D-4974-89D5-C01E105162E0}.Release|Any CPU.ActiveCfg = Release|Any CPU
		{03CD07FF-146D-4974-89D5-C01E105162E0}.Release|Any CPU.Build.0 = Release|Any CPU
		{03CD07FF-146D-4974-89D5-C01E105162E0}.Release|ARM.ActiveCfg = Release|Any CPU
		{03CD07FF-146D-4974-89D5-C01E105162E0}.Release|ARM.Build.0 = Release|Any CPU
		{03CD07FF-146D-4974-89D5-C01E105162E0}.Release|iPhone.ActiveCfg = Release|Any CPU
		{03CD07FF-146D-4974-89D5-C01E105162E0}.Release|iPhone.Build.0 = Release|Any CPU
		{03CD07FF-146D-4974-89D5-C01E105162E0}.Release|iPhoneSimulator.ActiveCfg = Release|Any CPU
		{03CD07FF-146D-4974-89D5-C01E105162E0}.Release|iPhoneSimulator.Build.0 = Release|Any CPU
		{03CD07FF-146D-4974-89D5-C01E105162E0}.Release|x64.ActiveCfg = Release|Any CPU
		{03CD07FF-146D-4974-89D5-C01E105162E0}.Release|x64.Build.0 = Release|Any CPU
		{03CD07FF-146D-4974-89D5-C01E105162E0}.Release|x86.ActiveCfg = Release|Any CPU
		{03CD07FF-146D-4974-89D5-C01E105162E0}.Release|x86.Build.0 = Release|Any CPU
		{870AF8B3-509B-43B9-A425-663383CB3EFC}.Debug|Any CPU.ActiveCfg = Debug|Any CPU
		{870AF8B3-509B-43B9-A425-663383CB3EFC}.Debug|Any CPU.Build.0 = Debug|Any CPU
		{870AF8B3-509B-43B9-A425-663383CB3EFC}.Debug|ARM.ActiveCfg = Debug|Any CPU
		{870AF8B3-509B-43B9-A425-663383CB3EFC}.Debug|ARM.Build.0 = Debug|Any CPU
		{870AF8B3-509B-43B9-A425-663383CB3EFC}.Debug|iPhone.ActiveCfg = Debug|Any CPU
		{870AF8B3-509B-43B9-A425-663383CB3EFC}.Debug|iPhone.Build.0 = Debug|Any CPU
		{870AF8B3-509B-43B9-A425-663383CB3EFC}.Debug|iPhoneSimulator.ActiveCfg = Debug|Any CPU
		{870AF8B3-509B-43B9-A425-663383CB3EFC}.Debug|iPhoneSimulator.Build.0 = Debug|Any CPU
		{870AF8B3-509B-43B9-A425-663383CB3EFC}.Debug|x64.ActiveCfg = Debug|Any CPU
		{870AF8B3-509B-43B9-A425-663383CB3EFC}.Debug|x64.Build.0 = Debug|Any CPU
		{870AF8B3-509B-43B9-A425-663383CB3EFC}.Debug|x86.ActiveCfg = Debug|Any CPU
		{870AF8B3-509B-43B9-A425-663383CB3EFC}.Debug|x86.Build.0 = Debug|Any CPU
		{870AF8B3-509B-43B9-A425-663383CB3EFC}.Release|Any CPU.ActiveCfg = Release|Any CPU
		{870AF8B3-509B-43B9-A425-663383CB3EFC}.Release|Any CPU.Build.0 = Release|Any CPU
		{870AF8B3-509B-43B9-A425-663383CB3EFC}.Release|ARM.ActiveCfg = Release|Any CPU
		{870AF8B3-509B-43B9-A425-663383CB3EFC}.Release|ARM.Build.0 = Release|Any CPU
		{870AF8B3-509B-43B9-A425-663383CB3EFC}.Release|iPhone.ActiveCfg = Release|Any CPU
		{870AF8B3-509B-43B9-A425-663383CB3EFC}.Release|iPhone.Build.0 = Release|Any CPU
		{870AF8B3-509B-43B9-A425-663383CB3EFC}.Release|iPhoneSimulator.ActiveCfg = Release|Any CPU
		{870AF8B3-509B-43B9-A425-663383CB3EFC}.Release|iPhoneSimulator.Build.0 = Release|Any CPU
		{870AF8B3-509B-43B9-A425-663383CB3EFC}.Release|x64.ActiveCfg = Release|Any CPU
		{870AF8B3-509B-43B9-A425-663383CB3EFC}.Release|x64.Build.0 = Release|Any CPU
		{870AF8B3-509B-43B9-A425-663383CB3EFC}.Release|x86.ActiveCfg = Release|Any CPU
		{870AF8B3-509B-43B9-A425-663383CB3EFC}.Release|x86.Build.0 = Release|Any CPU
		{45BF90D2-AC98-4DFC-BD91-1E84C5F5EFBF}.Debug|Any CPU.ActiveCfg = Debug|Any CPU
		{45BF90D2-AC98-4DFC-BD91-1E84C5F5EFBF}.Debug|Any CPU.Build.0 = Debug|Any CPU
		{45BF90D2-AC98-4DFC-BD91-1E84C5F5EFBF}.Debug|Any CPU.Deploy.0 = Debug|Any CPU
		{45BF90D2-AC98-4DFC-BD91-1E84C5F5EFBF}.Debug|ARM.ActiveCfg = Debug|Any CPU
		{45BF90D2-AC98-4DFC-BD91-1E84C5F5EFBF}.Debug|ARM.Build.0 = Debug|Any CPU
		{45BF90D2-AC98-4DFC-BD91-1E84C5F5EFBF}.Debug|ARM.Deploy.0 = Debug|Any CPU
		{45BF90D2-AC98-4DFC-BD91-1E84C5F5EFBF}.Debug|iPhone.ActiveCfg = Debug|Any CPU
		{45BF90D2-AC98-4DFC-BD91-1E84C5F5EFBF}.Debug|iPhone.Build.0 = Debug|Any CPU
		{45BF90D2-AC98-4DFC-BD91-1E84C5F5EFBF}.Debug|iPhone.Deploy.0 = Debug|Any CPU
		{45BF90D2-AC98-4DFC-BD91-1E84C5F5EFBF}.Debug|iPhoneSimulator.ActiveCfg = Debug|Any CPU
		{45BF90D2-AC98-4DFC-BD91-1E84C5F5EFBF}.Debug|iPhoneSimulator.Build.0 = Debug|Any CPU
		{45BF90D2-AC98-4DFC-BD91-1E84C5F5EFBF}.Debug|iPhoneSimulator.Deploy.0 = Debug|Any CPU
		{45BF90D2-AC98-4DFC-BD91-1E84C5F5EFBF}.Debug|x64.ActiveCfg = Debug|Any CPU
		{45BF90D2-AC98-4DFC-BD91-1E84C5F5EFBF}.Debug|x64.Build.0 = Debug|Any CPU
		{45BF90D2-AC98-4DFC-BD91-1E84C5F5EFBF}.Debug|x64.Deploy.0 = Debug|Any CPU
		{45BF90D2-AC98-4DFC-BD91-1E84C5F5EFBF}.Debug|x86.ActiveCfg = Debug|Any CPU
		{45BF90D2-AC98-4DFC-BD91-1E84C5F5EFBF}.Debug|x86.Build.0 = Debug|Any CPU
		{45BF90D2-AC98-4DFC-BD91-1E84C5F5EFBF}.Debug|x86.Deploy.0 = Debug|Any CPU
		{45BF90D2-AC98-4DFC-BD91-1E84C5F5EFBF}.Release|Any CPU.ActiveCfg = Release|Any CPU
		{45BF90D2-AC98-4DFC-BD91-1E84C5F5EFBF}.Release|Any CPU.Build.0 = Release|Any CPU
		{45BF90D2-AC98-4DFC-BD91-1E84C5F5EFBF}.Release|Any CPU.Deploy.0 = Release|Any CPU
		{45BF90D2-AC98-4DFC-BD91-1E84C5F5EFBF}.Release|ARM.ActiveCfg = Release|Any CPU
		{45BF90D2-AC98-4DFC-BD91-1E84C5F5EFBF}.Release|ARM.Build.0 = Release|Any CPU
		{45BF90D2-AC98-4DFC-BD91-1E84C5F5EFBF}.Release|ARM.Deploy.0 = Release|Any CPU
		{45BF90D2-AC98-4DFC-BD91-1E84C5F5EFBF}.Release|iPhone.ActiveCfg = Release|Any CPU
		{45BF90D2-AC98-4DFC-BD91-1E84C5F5EFBF}.Release|iPhone.Build.0 = Release|Any CPU
		{45BF90D2-AC98-4DFC-BD91-1E84C5F5EFBF}.Release|iPhone.Deploy.0 = Release|Any CPU
		{45BF90D2-AC98-4DFC-BD91-1E84C5F5EFBF}.Release|iPhoneSimulator.ActiveCfg = Release|Any CPU
		{45BF90D2-AC98-4DFC-BD91-1E84C5F5EFBF}.Release|iPhoneSimulator.Build.0 = Release|Any CPU
		{45BF90D2-AC98-4DFC-BD91-1E84C5F5EFBF}.Release|iPhoneSimulator.Deploy.0 = Release|Any CPU
		{45BF90D2-AC98-4DFC-BD91-1E84C5F5EFBF}.Release|x64.ActiveCfg = Release|Any CPU
		{45BF90D2-AC98-4DFC-BD91-1E84C5F5EFBF}.Release|x64.Build.0 = Release|Any CPU
		{45BF90D2-AC98-4DFC-BD91-1E84C5F5EFBF}.Release|x64.Deploy.0 = Release|Any CPU
		{45BF90D2-AC98-4DFC-BD91-1E84C5F5EFBF}.Release|x86.ActiveCfg = Release|Any CPU
		{45BF90D2-AC98-4DFC-BD91-1E84C5F5EFBF}.Release|x86.Build.0 = Release|Any CPU
		{45BF90D2-AC98-4DFC-BD91-1E84C5F5EFBF}.Release|x86.Deploy.0 = Release|Any CPU
		{91BD7BDD-AACA-4352-AF5E-03D81C1B9B21}.Debug|Any CPU.ActiveCfg = Debug|iPhone
		{91BD7BDD-AACA-4352-AF5E-03D81C1B9B21}.Debug|ARM.ActiveCfg = Debug|iPhone
		{91BD7BDD-AACA-4352-AF5E-03D81C1B9B21}.Debug|iPhone.ActiveCfg = Debug|iPhone
		{91BD7BDD-AACA-4352-AF5E-03D81C1B9B21}.Debug|iPhone.Build.0 = Debug|iPhone
		{91BD7BDD-AACA-4352-AF5E-03D81C1B9B21}.Debug|iPhoneSimulator.ActiveCfg = Debug|iPhoneSimulator
		{91BD7BDD-AACA-4352-AF5E-03D81C1B9B21}.Debug|iPhoneSimulator.Build.0 = Debug|iPhoneSimulator
		{91BD7BDD-AACA-4352-AF5E-03D81C1B9B21}.Debug|x64.ActiveCfg = Debug|iPhone
		{91BD7BDD-AACA-4352-AF5E-03D81C1B9B21}.Debug|x86.ActiveCfg = Debug|iPhone
		{91BD7BDD-AACA-4352-AF5E-03D81C1B9B21}.Release|Any CPU.ActiveCfg = Release|iPhone
		{91BD7BDD-AACA-4352-AF5E-03D81C1B9B21}.Release|ARM.ActiveCfg = Release|iPhone
		{91BD7BDD-AACA-4352-AF5E-03D81C1B9B21}.Release|iPhone.ActiveCfg = Release|iPhone
		{91BD7BDD-AACA-4352-AF5E-03D81C1B9B21}.Release|iPhone.Build.0 = Release|iPhone
		{91BD7BDD-AACA-4352-AF5E-03D81C1B9B21}.Release|iPhoneSimulator.ActiveCfg = Release|iPhoneSimulator
		{91BD7BDD-AACA-4352-AF5E-03D81C1B9B21}.Release|iPhoneSimulator.Build.0 = Release|iPhoneSimulator
		{91BD7BDD-AACA-4352-AF5E-03D81C1B9B21}.Release|x64.ActiveCfg = Release|iPhone
		{91BD7BDD-AACA-4352-AF5E-03D81C1B9B21}.Release|x86.ActiveCfg = Release|iPhone
		{C6B9A654-1560-44CA-BD71-547E983F0F84}.Debug|Any CPU.ActiveCfg = Debug|x86
		{C6B9A654-1560-44CA-BD71-547E983F0F84}.Debug|ARM.ActiveCfg = Debug|ARM
		{C6B9A654-1560-44CA-BD71-547E983F0F84}.Debug|ARM.Build.0 = Debug|ARM
		{C6B9A654-1560-44CA-BD71-547E983F0F84}.Debug|ARM.Deploy.0 = Debug|ARM
		{C6B9A654-1560-44CA-BD71-547E983F0F84}.Debug|iPhone.ActiveCfg = Debug|x86
		{C6B9A654-1560-44CA-BD71-547E983F0F84}.Debug|iPhoneSimulator.ActiveCfg = Debug|x86
		{C6B9A654-1560-44CA-BD71-547E983F0F84}.Debug|x64.ActiveCfg = Debug|x64
		{C6B9A654-1560-44CA-BD71-547E983F0F84}.Debug|x64.Build.0 = Debug|x64
		{C6B9A654-1560-44CA-BD71-547E983F0F84}.Debug|x64.Deploy.0 = Debug|x64
		{C6B9A654-1560-44CA-BD71-547E983F0F84}.Debug|x86.ActiveCfg = Debug|x86
		{C6B9A654-1560-44CA-BD71-547E983F0F84}.Debug|x86.Build.0 = Debug|x86
		{C6B9A654-1560-44CA-BD71-547E983F0F84}.Debug|x86.Deploy.0 = Debug|x86
		{C6B9A654-1560-44CA-BD71-547E983F0F84}.Release|Any CPU.ActiveCfg = Release|x86
		{C6B9A654-1560-44CA-BD71-547E983F0F84}.Release|ARM.ActiveCfg = Release|ARM
		{C6B9A654-1560-44CA-BD71-547E983F0F84}.Release|ARM.Build.0 = Release|ARM
		{C6B9A654-1560-44CA-BD71-547E983F0F84}.Release|ARM.Deploy.0 = Release|ARM
		{C6B9A654-1560-44CA-BD71-547E983F0F84}.Release|iPhone.ActiveCfg = Release|x86
		{C6B9A654-1560-44CA-BD71-547E983F0F84}.Release|iPhoneSimulator.ActiveCfg = Release|x86
		{C6B9A654-1560-44CA-BD71-547E983F0F84}.Release|x64.ActiveCfg = Release|x64
		{C6B9A654-1560-44CA-BD71-547E983F0F84}.Release|x64.Build.0 = Release|x64
		{C6B9A654-1560-44CA-BD71-547E983F0F84}.Release|x64.Deploy.0 = Release|x64
		{C6B9A654-1560-44CA-BD71-547E983F0F84}.Release|x86.ActiveCfg = Release|x86
		{C6B9A654-1560-44CA-BD71-547E983F0F84}.Release|x86.Build.0 = Release|x86
		{C6B9A654-1560-44CA-BD71-547E983F0F84}.Release|x86.Deploy.0 = Release|x86
		{1A31EE18-0229-4E9B-BE46-43C304F9376E}.Debug|Any CPU.ActiveCfg = Debug|Any CPU
		{1A31EE18-0229-4E9B-BE46-43C304F9376E}.Debug|Any CPU.Build.0 = Debug|Any CPU
		{1A31EE18-0229-4E9B-BE46-43C304F9376E}.Debug|ARM.ActiveCfg = Debug|Any CPU
		{1A31EE18-0229-4E9B-BE46-43C304F9376E}.Debug|ARM.Build.0 = Debug|Any CPU
		{1A31EE18-0229-4E9B-BE46-43C304F9376E}.Debug|iPhone.ActiveCfg = Debug|Any CPU
		{1A31EE18-0229-4E9B-BE46-43C304F9376E}.Debug|iPhone.Build.0 = Debug|Any CPU
		{1A31EE18-0229-4E9B-BE46-43C304F9376E}.Debug|iPhoneSimulator.ActiveCfg = Debug|Any CPU
		{1A31EE18-0229-4E9B-BE46-43C304F9376E}.Debug|iPhoneSimulator.Build.0 = Debug|Any CPU
		{1A31EE18-0229-4E9B-BE46-43C304F9376E}.Debug|x64.ActiveCfg = Debug|Any CPU
		{1A31EE18-0229-4E9B-BE46-43C304F9376E}.Debug|x64.Build.0 = Debug|Any CPU
		{1A31EE18-0229-4E9B-BE46-43C304F9376E}.Debug|x86.ActiveCfg = Debug|Any CPU
		{1A31EE18-0229-4E9B-BE46-43C304F9376E}.Debug|x86.Build.0 = Debug|Any CPU
		{1A31EE18-0229-4E9B-BE46-43C304F9376E}.Release|Any CPU.ActiveCfg = Release|Any CPU
		{1A31EE18-0229-4E9B-BE46-43C304F9376E}.Release|Any CPU.Build.0 = Release|Any CPU
		{1A31EE18-0229-4E9B-BE46-43C304F9376E}.Release|ARM.ActiveCfg = Release|Any CPU
		{1A31EE18-0229-4E9B-BE46-43C304F9376E}.Release|ARM.Build.0 = Release|Any CPU
		{1A31EE18-0229-4E9B-BE46-43C304F9376E}.Release|iPhone.ActiveCfg = Release|Any CPU
		{1A31EE18-0229-4E9B-BE46-43C304F9376E}.Release|iPhone.Build.0 = Release|Any CPU
		{1A31EE18-0229-4E9B-BE46-43C304F9376E}.Release|iPhoneSimulator.ActiveCfg = Release|Any CPU
		{1A31EE18-0229-4E9B-BE46-43C304F9376E}.Release|iPhoneSimulator.Build.0 = Release|Any CPU
		{1A31EE18-0229-4E9B-BE46-43C304F9376E}.Release|x64.ActiveCfg = Release|Any CPU
		{1A31EE18-0229-4E9B-BE46-43C304F9376E}.Release|x64.Build.0 = Release|Any CPU
		{1A31EE18-0229-4E9B-BE46-43C304F9376E}.Release|x86.ActiveCfg = Release|Any CPU
		{1A31EE18-0229-4E9B-BE46-43C304F9376E}.Release|x86.Build.0 = Release|Any CPU
		{0E11D3AF-E82F-490E-ACFD-F02690A59A44}.Debug|Any CPU.ActiveCfg = Debug|Any CPU
		{0E11D3AF-E82F-490E-ACFD-F02690A59A44}.Debug|Any CPU.Build.0 = Debug|Any CPU
		{0E11D3AF-E82F-490E-ACFD-F02690A59A44}.Debug|ARM.ActiveCfg = Debug|Any CPU
		{0E11D3AF-E82F-490E-ACFD-F02690A59A44}.Debug|ARM.Build.0 = Debug|Any CPU
		{0E11D3AF-E82F-490E-ACFD-F02690A59A44}.Debug|iPhone.ActiveCfg = Debug|Any CPU
		{0E11D3AF-E82F-490E-ACFD-F02690A59A44}.Debug|iPhone.Build.0 = Debug|Any CPU
		{0E11D3AF-E82F-490E-ACFD-F02690A59A44}.Debug|iPhoneSimulator.ActiveCfg = Debug|Any CPU
		{0E11D3AF-E82F-490E-ACFD-F02690A59A44}.Debug|iPhoneSimulator.Build.0 = Debug|Any CPU
		{0E11D3AF-E82F-490E-ACFD-F02690A59A44}.Debug|x64.ActiveCfg = Debug|Any CPU
		{0E11D3AF-E82F-490E-ACFD-F02690A59A44}.Debug|x64.Build.0 = Debug|Any CPU
		{0E11D3AF-E82F-490E-ACFD-F02690A59A44}.Debug|x86.ActiveCfg = Debug|Any CPU
		{0E11D3AF-E82F-490E-ACFD-F02690A59A44}.Debug|x86.Build.0 = Debug|Any CPU
		{0E11D3AF-E82F-490E-ACFD-F02690A59A44}.Release|Any CPU.ActiveCfg = Release|Any CPU
		{0E11D3AF-E82F-490E-ACFD-F02690A59A44}.Release|Any CPU.Build.0 = Release|Any CPU
		{0E11D3AF-E82F-490E-ACFD-F02690A59A44}.Release|ARM.ActiveCfg = Release|Any CPU
		{0E11D3AF-E82F-490E-ACFD-F02690A59A44}.Release|ARM.Build.0 = Release|Any CPU
		{0E11D3AF-E82F-490E-ACFD-F02690A59A44}.Release|iPhone.ActiveCfg = Release|Any CPU
		{0E11D3AF-E82F-490E-ACFD-F02690A59A44}.Release|iPhone.Build.0 = Release|Any CPU
		{0E11D3AF-E82F-490E-ACFD-F02690A59A44}.Release|iPhoneSimulator.ActiveCfg = Release|Any CPU
		{0E11D3AF-E82F-490E-ACFD-F02690A59A44}.Release|iPhoneSimulator.Build.0 = Release|Any CPU
		{0E11D3AF-E82F-490E-ACFD-F02690A59A44}.Release|x64.ActiveCfg = Release|Any CPU
		{0E11D3AF-E82F-490E-ACFD-F02690A59A44}.Release|x64.Build.0 = Release|Any CPU
		{0E11D3AF-E82F-490E-ACFD-F02690A59A44}.Release|x86.ActiveCfg = Release|Any CPU
		{0E11D3AF-E82F-490E-ACFD-F02690A59A44}.Release|x86.Build.0 = Release|Any CPU
		{78299BFC-A530-40D7-BC8E-3B11D64089BC}.Debug|Any CPU.ActiveCfg = Debug|Any CPU
		{78299BFC-A530-40D7-BC8E-3B11D64089BC}.Debug|Any CPU.Build.0 = Debug|Any CPU
		{78299BFC-A530-40D7-BC8E-3B11D64089BC}.Debug|ARM.ActiveCfg = Debug|Any CPU
		{78299BFC-A530-40D7-BC8E-3B11D64089BC}.Debug|ARM.Build.0 = Debug|Any CPU
		{78299BFC-A530-40D7-BC8E-3B11D64089BC}.Debug|iPhone.ActiveCfg = Debug|Any CPU
		{78299BFC-A530-40D7-BC8E-3B11D64089BC}.Debug|iPhone.Build.0 = Debug|Any CPU
		{78299BFC-A530-40D7-BC8E-3B11D64089BC}.Debug|iPhoneSimulator.ActiveCfg = Debug|Any CPU
		{78299BFC-A530-40D7-BC8E-3B11D64089BC}.Debug|iPhoneSimulator.Build.0 = Debug|Any CPU
		{78299BFC-A530-40D7-BC8E-3B11D64089BC}.Debug|x64.ActiveCfg = Debug|Any CPU
		{78299BFC-A530-40D7-BC8E-3B11D64089BC}.Debug|x64.Build.0 = Debug|Any CPU
		{78299BFC-A530-40D7-BC8E-3B11D64089BC}.Debug|x86.ActiveCfg = Debug|Any CPU
		{78299BFC-A530-40D7-BC8E-3B11D64089BC}.Debug|x86.Build.0 = Debug|Any CPU
		{78299BFC-A530-40D7-BC8E-3B11D64089BC}.Release|Any CPU.ActiveCfg = Release|Any CPU
		{78299BFC-A530-40D7-BC8E-3B11D64089BC}.Release|Any CPU.Build.0 = Release|Any CPU
		{78299BFC-A530-40D7-BC8E-3B11D64089BC}.Release|ARM.ActiveCfg = Release|Any CPU
		{78299BFC-A530-40D7-BC8E-3B11D64089BC}.Release|ARM.Build.0 = Release|Any CPU
		{78299BFC-A530-40D7-BC8E-3B11D64089BC}.Release|iPhone.ActiveCfg = Release|Any CPU
		{78299BFC-A530-40D7-BC8E-3B11D64089BC}.Release|iPhone.Build.0 = Release|Any CPU
		{78299BFC-A530-40D7-BC8E-3B11D64089BC}.Release|iPhoneSimulator.ActiveCfg = Release|Any CPU
		{78299BFC-A530-40D7-BC8E-3B11D64089BC}.Release|iPhoneSimulator.Build.0 = Release|Any CPU
		{78299BFC-A530-40D7-BC8E-3B11D64089BC}.Release|x64.ActiveCfg = Release|Any CPU
		{78299BFC-A530-40D7-BC8E-3B11D64089BC}.Release|x64.Build.0 = Release|Any CPU
		{78299BFC-A530-40D7-BC8E-3B11D64089BC}.Release|x86.ActiveCfg = Release|Any CPU
		{78299BFC-A530-40D7-BC8E-3B11D64089BC}.Release|x86.Build.0 = Release|Any CPU
		{50C0BE01-D5A9-4CAB-9D10-083E6CAD52A6}.Debug|Any CPU.ActiveCfg = Debug|Any CPU
		{50C0BE01-D5A9-4CAB-9D10-083E6CAD52A6}.Debug|Any CPU.Build.0 = Debug|Any CPU
		{50C0BE01-D5A9-4CAB-9D10-083E6CAD52A6}.Debug|ARM.ActiveCfg = Debug|Any CPU
		{50C0BE01-D5A9-4CAB-9D10-083E6CAD52A6}.Debug|ARM.Build.0 = Debug|Any CPU
		{50C0BE01-D5A9-4CAB-9D10-083E6CAD52A6}.Debug|iPhone.ActiveCfg = Debug|Any CPU
		{50C0BE01-D5A9-4CAB-9D10-083E6CAD52A6}.Debug|iPhone.Build.0 = Debug|Any CPU
		{50C0BE01-D5A9-4CAB-9D10-083E6CAD52A6}.Debug|iPhoneSimulator.ActiveCfg = Debug|Any CPU
		{50C0BE01-D5A9-4CAB-9D10-083E6CAD52A6}.Debug|iPhoneSimulator.Build.0 = Debug|Any CPU
		{50C0BE01-D5A9-4CAB-9D10-083E6CAD52A6}.Debug|x64.ActiveCfg = Debug|Any CPU
		{50C0BE01-D5A9-4CAB-9D10-083E6CAD52A6}.Debug|x64.Build.0 = Debug|Any CPU
		{50C0BE01-D5A9-4CAB-9D10-083E6CAD52A6}.Debug|x86.ActiveCfg = Debug|Any CPU
		{50C0BE01-D5A9-4CAB-9D10-083E6CAD52A6}.Debug|x86.Build.0 = Debug|Any CPU
		{50C0BE01-D5A9-4CAB-9D10-083E6CAD52A6}.Release|Any CPU.ActiveCfg = Release|Any CPU
		{50C0BE01-D5A9-4CAB-9D10-083E6CAD52A6}.Release|Any CPU.Build.0 = Release|Any CPU
		{50C0BE01-D5A9-4CAB-9D10-083E6CAD52A6}.Release|ARM.ActiveCfg = Release|Any CPU
		{50C0BE01-D5A9-4CAB-9D10-083E6CAD52A6}.Release|ARM.Build.0 = Release|Any CPU
		{50C0BE01-D5A9-4CAB-9D10-083E6CAD52A6}.Release|iPhone.ActiveCfg = Release|Any CPU
		{50C0BE01-D5A9-4CAB-9D10-083E6CAD52A6}.Release|iPhone.Build.0 = Release|Any CPU
		{50C0BE01-D5A9-4CAB-9D10-083E6CAD52A6}.Release|iPhoneSimulator.ActiveCfg = Release|Any CPU
		{50C0BE01-D5A9-4CAB-9D10-083E6CAD52A6}.Release|iPhoneSimulator.Build.0 = Release|Any CPU
		{50C0BE01-D5A9-4CAB-9D10-083E6CAD52A6}.Release|x64.ActiveCfg = Release|Any CPU
		{50C0BE01-D5A9-4CAB-9D10-083E6CAD52A6}.Release|x64.Build.0 = Release|Any CPU
		{50C0BE01-D5A9-4CAB-9D10-083E6CAD52A6}.Release|x86.ActiveCfg = Release|Any CPU
		{50C0BE01-D5A9-4CAB-9D10-083E6CAD52A6}.Release|x86.Build.0 = Release|Any CPU
	EndGlobalSection
	GlobalSection(SolutionProperties) = preSolution
		HideSolutionNode = FALSE
	EndGlobalSection
	GlobalSection(ExtensibilityGlobals) = postSolution
		SolutionGuid = {4353D3F1-B3E5-4E4F-90F7-7C8AF7F1EB5A}
	EndGlobalSection
EndGlobal
